
Microsoft Visual Studio Solution File, Format Version 12.00
# Visual Studio Version 17
VisualStudioVersion = 17.4.33205.214
MinimumVisualStudioVersion = 10.0.40219.1
Project("{9A19103F-16F7-4668-BE54-9A1E7A4F7556}") = "BusinessObject", "BusinessObject\BusinessObject.csproj", "{DB510462-10EB-481E-8462-C4DB5B77F6D4}"
EndProject
Project("{9A19103F-16F7-4668-BE54-9A1E7A4F7556}") = "DataAccess", "DataAccess\DataAccess.csproj", "{9F538414-769D-4557-821C-71A4961259CD}"
EndProject
Project("{FAE04EC0-301F-11D3-BF4B-00C04F79EFBC}") = "blogAPI", "blogAPI\blogAPI.csproj", "{B3D6DA55-45FA-4218-B802-D033903DE12C}"
EndProject
Global
	GlobalSection(SolutionConfigurationPlatforms) = preSolution
		Debug|Any CPU = Debug|Any CPU
		Release|Any CPU = Release|Any CPU
	EndGlobalSection
	GlobalSection(ProjectConfigurationPlatforms) = postSolution
		{DB510462-10EB-481E-8462-C4DB5B77F6D4}.Debug|Any CPU.ActiveCfg = Debug|Any CPU
		{DB510462-10EB-481E-8462-C4DB5B77F6D4}.Debug|Any CPU.Build.0 = Debug|Any CPU
		{DB510462-10EB-481E-8462-C4DB5B77F6D4}.Release|Any CPU.ActiveCfg = Release|Any CPU
		{DB510462-10EB-481E-8462-C4DB5B77F6D4}.Release|Any CPU.Build.0 = Release|Any CPU
		{9F538414-769D-4557-821C-71A4961259CD}.Debug|Any CPU.ActiveCfg = Debug|Any CPU
		{9F538414-769D-4557-821C-71A4961259CD}.Debug|Any CPU.Build.0 = Debug|Any CPU
		{9F538414-769D-4557-821C-71A4961259CD}.Release|Any CPU.ActiveCfg = Release|Any CPU
		{9F538414-769D-4557-821C-71A4961259CD}.Release|Any CPU.Build.0 = Release|Any CPU
		{B3D6DA55-45FA-4218-B802-D033903DE12C}.Debug|Any CPU.ActiveCfg = Debug|Any CPU
		{B3D6DA55-45FA-4218-B802-D033903DE12C}.Debug|Any CPU.Build.0 = Debug|Any CPU
		{B3D6DA55-45FA-4218-B802-D033903DE12C}.Release|Any CPU.ActiveCfg = Release|Any CPU
		{B3D6DA55-45FA-4218-B802-D033903DE12C}.Release|Any CPU.Build.0 = Release|Any CPU
	EndGlobalSection
	GlobalSection(SolutionProperties) = preSolution
		HideSolutionNode = FALSE
	EndGlobalSection
	GlobalSection(ExtensibilityGlobals) = postSolution
		SolutionGuid = {DD5AC4D1-A912-4F9E-8D5E-C20491391D24}
	EndGlobalSection
EndGlobal
